
Microsoft Visual Studio Solution File, Format Version 12.00
# Visual Studio Version 17
VisualStudioVersion = 17.12.35521.163
MinimumVisualStudioVersion = 10.0.40219.1
Project("{FAE04EC0-301F-11D3-BF4B-00C04F79EFBC}") = "MasterChiefRecipe", "RecipeMaster\MasterChiefRecipe.csproj", "{D9F74420-63E5-4619-840E-E21ABB293D3D}"
EndProject
Project("{FAE04EC0-301F-11D3-BF4B-00C04F79EFBC}") = "Models", "Models\Models.csproj", "{9C42708B-AE86-4523-90AA-5D53C5D435BA}"
EndProject
Project("{FAE04EC0-301F-11D3-BF4B-00C04F79EFBC}") = "Service", "Services\Service.csproj", "{FA73BC45-643F-4659-B1EF-36C9F9FD146C}"
EndProject
Project("{FAE04EC0-301F-11D3-BF4B-00C04F79EFBC}") = "Repository", "Repository\Repository.csproj", "{7F03C2B1-1EF6-4CF7-98BE-EEA22FA84D00}"
EndProject
Project("{FAE04EC0-301F-11D3-BF4B-00C04F79EFBC}") = "API", "API\API.csproj", "{3D3280DE-AB43-40DE-A6DB-456AA8768622}"
EndProject
Global
	GlobalSection(SolutionConfigurationPlatforms) = preSolution
		Debug|Any CPU = Debug|Any CPU
		Release|Any CPU = Release|Any CPU
	EndGlobalSection
	GlobalSection(ProjectConfigurationPlatforms) = postSolution
		{D9F74420-63E5-4619-840E-E21ABB293D3D}.Debug|Any CPU.ActiveCfg = Debug|Any CPU
		{D9F74420-63E5-4619-840E-E21ABB293D3D}.Debug|Any CPU.Build.0 = Debug|Any CPU
		{D9F74420-63E5-4619-840E-E21ABB293D3D}.Release|Any CPU.ActiveCfg = Release|Any CPU
		{D9F74420-63E5-4619-840E-E21ABB293D3D}.Release|Any CPU.Build.0 = Release|Any CPU
		{9C42708B-AE86-4523-90AA-5D53C5D435BA}.Debug|Any CPU.ActiveCfg = Debug|Any CPU
		{9C42708B-AE86-4523-90AA-5D53C5D435BA}.Debug|Any CPU.Build.0 = Debug|Any CPU
		{9C42708B-AE86-4523-90AA-5D53C5D435BA}.Release|Any CPU.ActiveCfg = Release|Any CPU
		{9C42708B-AE86-4523-90AA-5D53C5D435BA}.Release|Any CPU.Build.0 = Release|Any CPU
		{FA73BC45-643F-4659-B1EF-36C9F9FD146C}.Debug|Any CPU.ActiveCfg = Debug|Any CPU
		{FA73BC45-643F-4659-B1EF-36C9F9FD146C}.Debug|Any CPU.Build.0 = Debug|Any CPU
		{FA73BC45-643F-4659-B1EF-36C9F9FD146C}.Release|Any CPU.ActiveCfg = Release|Any CPU
		{FA73BC45-643F-4659-B1EF-36C9F9FD146C}.Release|Any CPU.Build.0 = Release|Any CPU
		{7F03C2B1-1EF6-4CF7-98BE-EEA22FA84D00}.Debug|Any CPU.ActiveCfg = Debug|Any CPU
		{7F03C2B1-1EF6-4CF7-98BE-EEA22FA84D00}.Debug|Any CPU.Build.0 = Debug|Any CPU
		{7F03C2B1-1EF6-4CF7-98BE-EEA22FA84D00}.Release|Any CPU.ActiveCfg = Release|Any CPU
		{7F03C2B1-1EF6-4CF7-98BE-EEA22FA84D00}.Release|Any CPU.Build.0 = Release|Any CPU
		{3D3280DE-AB43-40DE-A6DB-456AA8768622}.Debug|Any CPU.ActiveCfg = Debug|Any CPU
		{3D3280DE-AB43-40DE-A6DB-456AA8768622}.Debug|Any CPU.Build.0 = Debug|Any CPU
		{3D3280DE-AB43-40DE-A6DB-456AA8768622}.Release|Any CPU.ActiveCfg = Release|Any CPU
		{3D3280DE-AB43-40DE-A6DB-456AA8768622}.Release|Any CPU.Build.0 = Release|Any CPU
	EndGlobalSection
	GlobalSection(SolutionProperties) = preSolution
		HideSolutionNode = FALSE
	EndGlobalSection
EndGlobal
